
Microsoft Visual Studio Solution File, Format Version 12.00
# Visual Studio Version 17
VisualStudioVersion = 17.5.33502.453
MinimumVisualStudioVersion = 10.0.40219.1
Project("{8BC9CEB8-8B4A-11D0-8D11-00A0C91BC942}") = "OtherOperationsWithFractions", "OtherOperationsWithFractions.vcxproj", "{BAC918E7-9781-4072-86A6-B70EF2BFB749}"
EndProject
Global
	GlobalSection(SolutionConfigurationPlatforms) = preSolution
		Debug|x64 = Debug|x64
		Debug|x86 = Debug|x86
		Release|x64 = Release|x64
		Release|x86 = Release|x86
	EndGlobalSection
	GlobalSection(ProjectConfigurationPlatforms) = postSolution
		{BAC918E7-9781-4072-86A6-B70EF2BFB749}.Debug|x64.ActiveCfg = Debug|x64
		{BAC918E7-9781-4072-86A6-B70EF2BFB749}.Debug|x64.Build.0 = Debug|x64
		{BAC918E7-9781-4072-86A6-B70EF2BFB749}.Debug|x86.ActiveCfg = Debug|Win32
		{BAC918E7-9781-4072-86A6-B70EF2BFB749}.Debug|x86.Build.0 = Debug|Win32
		{BAC918E7-9781-4072-86A6-B70EF2BFB749}.Release|x64.ActiveCfg = Release|x64
		{BAC918E7-9781-4072-86A6-B70EF2BFB749}.Release|x64.Build.0 = Release|x64
		{BAC918E7-9781-4072-86A6-B70EF2BFB749}.Release|x86.ActiveCfg = Release|Win32
		{BAC918E7-9781-4072-86A6-B70EF2BFB749}.Release|x86.Build.0 = Release|Win32
	EndGlobalSection
	GlobalSection(SolutionProperties) = preSolution
		HideSolutionNode = FALSE
	EndGlobalSection
	GlobalSection(ExtensibilityGlobals) = postSolution
		SolutionGuid = {D9D6AB43-29C3-4A32-B6F9-098F2F2FFD30}
	EndGlobalSection
EndGlobal
